
Microsoft Visual Studio Solution File, Format Version 12.00
# Visual Studio Version 16
VisualStudioVersion = 16.0.29709.97
MinimumVisualStudioVersion = 10.0.40219.1
Project("{00D1A9C2-B5F0-4AF3-8072-F6C62B433612}") = "ArtGalleryDB", "ArtGalleryDB\ArtGalleryDB.sqlproj", "{65AAC671-C205-481E-918E-7DE99AAD0329}"
EndProject
Global
	GlobalSection(SolutionConfigurationPlatforms) = preSolution
		Debug|Any CPU = Debug|Any CPU
		Release|Any CPU = Release|Any CPU
	EndGlobalSection
	GlobalSection(ProjectConfigurationPlatforms) = postSolution
		{65AAC671-C205-481E-918E-7DE99AAD0329}.Debug|Any CPU.ActiveCfg = Debug|Any CPU
		{65AAC671-C205-481E-918E-7DE99AAD0329}.Debug|Any CPU.Build.0 = Debug|Any CPU
		{65AAC671-C205-481E-918E-7DE99AAD0329}.Debug|Any CPU.Deploy.0 = Debug|Any CPU
		{65AAC671-C205-481E-918E-7DE99AAD0329}.Release|Any CPU.ActiveCfg = Release|Any CPU
		{65AAC671-C205-481E-918E-7DE99AAD0329}.Release|Any CPU.Build.0 = Release|Any CPU
		{65AAC671-C205-481E-918E-7DE99AAD0329}.Release|Any CPU.Deploy.0 = Release|Any CPU
	EndGlobalSection
	GlobalSection(SolutionProperties) = preSolution
		HideSolutionNode = FALSE
	EndGlobalSection
	GlobalSection(ExtensibilityGlobals) = postSolution
		SolutionGuid = {85296F73-B226-4012-8E56-0DCF3F541404}
	EndGlobalSection
EndGlobal
