
Microsoft Visual Studio Solution File, Format Version 12.00
# Visual Studio Version 16
VisualStudioVersion = 16.0.29806.167
MinimumVisualStudioVersion = 10.0.40219.1
Project("{9A19103F-16F7-4668-BE54-9A1E7A4F7556}") = "Forms.Web", "Forms.Web\Forms.Web.csproj", "{E5A2A604-7B6D-4154-9028-B2164AA84D54}"
EndProject
Project("{9A19103F-16F7-4668-BE54-9A1E7A4F7556}") = "FormsTests", "FormsTests\FormsTests.csproj", "{9EA005EE-6964-4BC6-87FA-1729BD30B934}"
EndProject
Project("{9A19103F-16F7-4668-BE54-9A1E7A4F7556}") = "TE.AuthLib", "..\TE.AuthLib\TE.AuthLib\TE.AuthLib.csproj", "{64B15D28-92E6-43D8-96AC-5B31FD0C26BC}"
EndProject
Global
	GlobalSection(SolutionConfigurationPlatforms) = preSolution
		Debug|Any CPU = Debug|Any CPU
		Release|Any CPU = Release|Any CPU
	EndGlobalSection
	GlobalSection(ProjectConfigurationPlatforms) = postSolution
		{E5A2A604-7B6D-4154-9028-B2164AA84D54}.Debug|Any CPU.ActiveCfg = Debug|Any CPU
		{E5A2A604-7B6D-4154-9028-B2164AA84D54}.Debug|Any CPU.Build.0 = Debug|Any CPU
		{E5A2A604-7B6D-4154-9028-B2164AA84D54}.Release|Any CPU.ActiveCfg = Release|Any CPU
		{E5A2A604-7B6D-4154-9028-B2164AA84D54}.Release|Any CPU.Build.0 = Release|Any CPU
		{9EA005EE-6964-4BC6-87FA-1729BD30B934}.Debug|Any CPU.ActiveCfg = Debug|Any CPU
		{9EA005EE-6964-4BC6-87FA-1729BD30B934}.Debug|Any CPU.Build.0 = Debug|Any CPU
		{9EA005EE-6964-4BC6-87FA-1729BD30B934}.Release|Any CPU.ActiveCfg = Release|Any CPU
		{9EA005EE-6964-4BC6-87FA-1729BD30B934}.Release|Any CPU.Build.0 = Release|Any CPU
		{64B15D28-92E6-43D8-96AC-5B31FD0C26BC}.Debug|Any CPU.ActiveCfg = Debug|Any CPU
		{64B15D28-92E6-43D8-96AC-5B31FD0C26BC}.Debug|Any CPU.Build.0 = Debug|Any CPU
		{64B15D28-92E6-43D8-96AC-5B31FD0C26BC}.Release|Any CPU.ActiveCfg = Release|Any CPU
		{64B15D28-92E6-43D8-96AC-5B31FD0C26BC}.Release|Any CPU.Build.0 = Release|Any CPU
	EndGlobalSection
	GlobalSection(SolutionProperties) = preSolution
		HideSolutionNode = FALSE
	EndGlobalSection
	GlobalSection(ExtensibilityGlobals) = postSolution
		SolutionGuid = {4FF71E36-C3FA-41DF-BCB3-857C2EC39803}
	EndGlobalSection
EndGlobal
