
Microsoft Visual Studio Solution File, Format Version 12.00
# Visual Studio Version 16
VisualStudioVersion = 16.0.29806.167
MinimumVisualStudioVersion = 10.0.40219.1
Project("{9A19103F-16F7-4668-BE54-9A1E7A4F7556}") = "Recipes", "Recipes\Recipes.csproj", "{62CFC226-7A7F-4F33-A77B-1D11B829EEF1}"
EndProject
Project("{00D1A9C2-B5F0-4AF3-8072-F6C62B433612}") = "RecipeDB", "RecipeDB\RecipeDB.sqlproj", "{A7DF7C2E-0FBD-4DBD-84EA-955059D04515}"
EndProject
Project("{9A19103F-16F7-4668-BE54-9A1E7A4F7556}") = "TE.AuthLib", "..\TE.AuthLib\TE.AuthLib\TE.AuthLib.csproj", "{F236EC9E-46FD-420B-A1FC-0B2C448B9ABC}"
EndProject
Global
	GlobalSection(SolutionConfigurationPlatforms) = preSolution
		Debug|Any CPU = Debug|Any CPU
		Release|Any CPU = Release|Any CPU
	EndGlobalSection
	GlobalSection(ProjectConfigurationPlatforms) = postSolution
		{62CFC226-7A7F-4F33-A77B-1D11B829EEF1}.Debug|Any CPU.ActiveCfg = Debug|Any CPU
		{62CFC226-7A7F-4F33-A77B-1D11B829EEF1}.Debug|Any CPU.Build.0 = Debug|Any CPU
		{62CFC226-7A7F-4F33-A77B-1D11B829EEF1}.Release|Any CPU.ActiveCfg = Release|Any CPU
		{62CFC226-7A7F-4F33-A77B-1D11B829EEF1}.Release|Any CPU.Build.0 = Release|Any CPU
		{A7DF7C2E-0FBD-4DBD-84EA-955059D04515}.Debug|Any CPU.ActiveCfg = Debug|Any CPU
		{A7DF7C2E-0FBD-4DBD-84EA-955059D04515}.Debug|Any CPU.Build.0 = Debug|Any CPU
		{A7DF7C2E-0FBD-4DBD-84EA-955059D04515}.Debug|Any CPU.Deploy.0 = Debug|Any CPU
		{A7DF7C2E-0FBD-4DBD-84EA-955059D04515}.Release|Any CPU.ActiveCfg = Release|Any CPU
		{A7DF7C2E-0FBD-4DBD-84EA-955059D04515}.Release|Any CPU.Build.0 = Release|Any CPU
		{A7DF7C2E-0FBD-4DBD-84EA-955059D04515}.Release|Any CPU.Deploy.0 = Release|Any CPU
		{F236EC9E-46FD-420B-A1FC-0B2C448B9ABC}.Debug|Any CPU.ActiveCfg = Debug|Any CPU
		{F236EC9E-46FD-420B-A1FC-0B2C448B9ABC}.Debug|Any CPU.Build.0 = Debug|Any CPU
		{F236EC9E-46FD-420B-A1FC-0B2C448B9ABC}.Release|Any CPU.ActiveCfg = Release|Any CPU
		{F236EC9E-46FD-420B-A1FC-0B2C448B9ABC}.Release|Any CPU.Build.0 = Release|Any CPU
	EndGlobalSection
	GlobalSection(SolutionProperties) = preSolution
		HideSolutionNode = FALSE
	EndGlobalSection
	GlobalSection(ExtensibilityGlobals) = postSolution
		SolutionGuid = {784F5F95-AEB3-4020-8C2F-B24693414183}
	EndGlobalSection
EndGlobal
