
Microsoft Visual Studio Solution File, Format Version 12.00
# Visual Studio Version 16
VisualStudioVersion = 16.0.29709.97
MinimumVisualStudioVersion = 10.0.40219.1
Project("{9A19103F-16F7-4668-BE54-9A1E7A4F7556}") = "TestableClasses", "TestableClasses\TestableClasses.csproj", "{EAF0EA83-489C-431D-B0B7-E54C3C9B45B9}"
EndProject
Project("{FAE04EC0-301F-11D3-BF4B-00C04F79EFBC}") = "UnitTestingTests", "UnitTestingTests\UnitTestingTests.csproj", "{ECC669CB-59CD-4617-B06A-3FFE6D7F27EC}"
EndProject
Global
	GlobalSection(SolutionConfigurationPlatforms) = preSolution
		Debug|Any CPU = Debug|Any CPU
		Release|Any CPU = Release|Any CPU
	EndGlobalSection
	GlobalSection(ProjectConfigurationPlatforms) = postSolution
		{EAF0EA83-489C-431D-B0B7-E54C3C9B45B9}.Debug|Any CPU.ActiveCfg = Debug|Any CPU
		{EAF0EA83-489C-431D-B0B7-E54C3C9B45B9}.Debug|Any CPU.Build.0 = Debug|Any CPU
		{EAF0EA83-489C-431D-B0B7-E54C3C9B45B9}.Release|Any CPU.ActiveCfg = Release|Any CPU
		{EAF0EA83-489C-431D-B0B7-E54C3C9B45B9}.Release|Any CPU.Build.0 = Release|Any CPU
		{ECC669CB-59CD-4617-B06A-3FFE6D7F27EC}.Debug|Any CPU.ActiveCfg = Debug|Any CPU
		{ECC669CB-59CD-4617-B06A-3FFE6D7F27EC}.Debug|Any CPU.Build.0 = Debug|Any CPU
		{ECC669CB-59CD-4617-B06A-3FFE6D7F27EC}.Release|Any CPU.ActiveCfg = Release|Any CPU
		{ECC669CB-59CD-4617-B06A-3FFE6D7F27EC}.Release|Any CPU.Build.0 = Release|Any CPU
	EndGlobalSection
	GlobalSection(SolutionProperties) = preSolution
		HideSolutionNode = FALSE
	EndGlobalSection
	GlobalSection(ExtensibilityGlobals) = postSolution
		SolutionGuid = {4C696271-65BD-4DEB-B4AC-BEEB24AB85DE}
	EndGlobalSection
EndGlobal
