
Microsoft Visual Studio Solution File, Format Version 12.00
# Visual Studio Version 16
VisualStudioVersion = 16.0.29613.14
MinimumVisualStudioVersion = 10.0.40219.1
Project("{FAE04EC0-301F-11D3-BF4B-00C04F79EFBC}") = "CommandLineApp", "CommandLineApp\CommandLineApp.csproj", "{FC2F4A01-D0BC-451F-9992-E569689C81B5}"
EndProject
Global
	GlobalSection(SolutionConfigurationPlatforms) = preSolution
		Debug|Any CPU = Debug|Any CPU
		Release|Any CPU = Release|Any CPU
	EndGlobalSection
	GlobalSection(ProjectConfigurationPlatforms) = postSolution
		{FC2F4A01-D0BC-451F-9992-E569689C81B5}.Debug|Any CPU.ActiveCfg = Debug|Any CPU
		{FC2F4A01-D0BC-451F-9992-E569689C81B5}.Debug|Any CPU.Build.0 = Debug|Any CPU
		{FC2F4A01-D0BC-451F-9992-E569689C81B5}.Release|Any CPU.ActiveCfg = Release|Any CPU
		{FC2F4A01-D0BC-451F-9992-E569689C81B5}.Release|Any CPU.Build.0 = Release|Any CPU
	EndGlobalSection
	GlobalSection(SolutionProperties) = preSolution
		HideSolutionNode = FALSE
	EndGlobalSection
	GlobalSection(ExtensibilityGlobals) = postSolution
		SolutionGuid = {AD31D15E-0C7A-42DC-9126-B3B575C8A0DF}
	EndGlobalSection
EndGlobal
