
Microsoft Visual Studio Solution File, Format Version 12.00
# Visual Studio 15
VisualStudioVersion = 15.0.28307.572
MinimumVisualStudioVersion = 10.0.40219.1
Project("{FAE04EC0-301F-11D3-BF4B-00C04F79EFBC}") = "UoM", "UoM\UoM.csproj", "{423231B8-F006-4A2D-9506-BA18BB6193EB}"
EndProject
Global
	GlobalSection(SolutionConfigurationPlatforms) = preSolution
		Debug|Any CPU = Debug|Any CPU
		Release|Any CPU = Release|Any CPU
	EndGlobalSection
	GlobalSection(ProjectConfigurationPlatforms) = postSolution
		{423231B8-F006-4A2D-9506-BA18BB6193EB}.Debug|Any CPU.ActiveCfg = Debug|Any CPU
		{423231B8-F006-4A2D-9506-BA18BB6193EB}.Debug|Any CPU.Build.0 = Debug|Any CPU
		{423231B8-F006-4A2D-9506-BA18BB6193EB}.Release|Any CPU.ActiveCfg = Release|Any CPU
		{423231B8-F006-4A2D-9506-BA18BB6193EB}.Release|Any CPU.Build.0 = Release|Any CPU
	EndGlobalSection
	GlobalSection(SolutionProperties) = preSolution
		HideSolutionNode = FALSE
	EndGlobalSection
	GlobalSection(ExtensibilityGlobals) = postSolution
		SolutionGuid = {1655F2E5-A4AE-471C-90E2-F81DE0080ABF}
	EndGlobalSection
EndGlobal
